// !$*UTF8*$!
{
	archiveVersion = 1;
	classes = {
	};
	objectVersion = 46;
	objects = {

/* Begin PBXBuildFile section */
		4CF5131B1E0025F1000CCD27 /* main.m in Sources */ = {isa = PBXBuildFile; fileRef = 4CF5131A1E0025F1000CCD27 /* main.m */; };
		4CF5131E1E0025F1000CCD27 /* AppDelegate.m in Sources */ = {isa = PBXBuildFile; fileRef = 4CF5131D1E0025F1000CCD27 /* AppDelegate.m */; };
		4CF513211E0025F1000CCD27 /* ViewController.m in Sources */ = {isa = PBXBuildFile; fileRef = 4CF513201E0025F1000CCD27 /* ViewController.m */; };
		4CF513241E0025F1000CCD27 /* Main.storyboard in Resources */ = {isa = PBXBuildFile; fileRef = 4CF513221E0025F1000CCD27 /* Main.storyboard */; };
		4CF513261E0025F1000CCD27 /* Assets.xcassets in Resources */ = {isa = PBXBuildFile; fileRef = 4CF513251E0025F1000CCD27 /* Assets.xcassets */; };
		4CF513291E0025F1000CCD27 /* LaunchScreen.storyboard in Resources */ = {isa = PBXBuildFile; fileRef = 4CF513271E0025F1000CCD27 /* LaunchScreen.storyboard */; };
		4CF513321E002875000CCD27 /* DMStudent.m in Sources */ = {isa = PBXBuildFile; fileRef = 4CF513311E002875000CCD27 /* DMStudent.m */; };
		4CF513351E002906000CCD27 /* DMDancer.m in Sources */ = {isa = PBXBuildFile; fileRef = 4CF513341E002906000CCD27 /* DMDancer.m */; };
		4CF513381E00297E000CCD27 /* DMDeveloper.m in Sources */ = {isa = PBXBuildFile; fileRef = 4CF513371E00297E000CCD27 /* DMDeveloper.m */; };
/* End PBXBuildFile section */

/* Begin PBXFileReference section */
		4CF513161E0025F0000CCD27 /* Protocols.app */ = {isa = PBXFileReference; explicitFileType = wrapper.application; includeInIndex = 0; path = Protocols.app; sourceTree = BUILT_PRODUCTS_DIR; };
		4CF5131A1E0025F1000CCD27 /* main.m */ = {isa = PBXFileReference; lastKnownFileType = sourcecode.c.objc; path = main.m; sourceTree = "<group>"; };
		4CF5131C1E0025F1000CCD27 /* AppDelegate.h */ = {isa = PBXFileReference; lastKnownFileType = sourcecode.c.h; path = AppDelegate.h; sourceTree = "<group>"; };
		4CF5131D1E0025F1000CCD27 /* AppDelegate.m */ = {isa = PBXFileReference; lastKnownFileType = sourcecode.c.objc; path = AppDelegate.m; sourceTree = "<group>"; };
		4CF5131F1E0025F1000CCD27 /* ViewController.h */ = {isa = PBXFileReference; lastKnownFileType = sourcecode.c.h; path = ViewController.h; sourceTree = "<group>"; };
		4CF513201E0025F1000CCD27 /* ViewController.m */ = {isa = PBXFileReference; lastKnownFileType = sourcecode.c.objc; path = ViewController.m; sourceTree = "<group>"; };
		4CF513231E0025F1000CCD27 /* Base */ = {isa = PBXFileReference; lastKnownFileType = file.storyboard; name = Base; path = Base.lproj/Main.storyboard; sourceTree = "<group>"; };
		4CF513251E0025F1000CCD27 /* Assets.xcassets */ = {isa = PBXFileReference; lastKnownFileType = folder.assetcatalog; path = Assets.xcassets; sourceTree = "<group>"; };
		4CF513281E0025F1000CCD27 /* Base */ = {isa = PBXFileReference; lastKnownFileType = file.storyboard; name = Base; path = Base.lproj/LaunchScreen.storyboard; sourceTree = "<group>"; };
		4CF5132A1E0025F1000CCD27 /* Info.plist */ = {isa = PBXFileReference; lastKnownFileType = text.plist.xml; path = Info.plist; sourceTree = "<group>"; };
		4CF513301E002875000CCD27 /* DMStudent.h */ = {isa = PBXFileReference; fileEncoding = 4; lastKnownFileType = sourcecode.c.h; path = DMStudent.h; sourceTree = "<group>"; };
		4CF513311E002875000CCD27 /* DMStudent.m */ = {isa = PBXFileReference; fileEncoding = 4; lastKnownFileType = sourcecode.c.objc; path = DMStudent.m; sourceTree = "<group>"; };
		4CF513331E002906000CCD27 /* DMDancer.h */ = {isa = PBXFileReference; fileEncoding = 4; lastKnownFileType = sourcecode.c.h; path = DMDancer.h; sourceTree = "<group>"; };
		4CF513341E002906000CCD27 /* DMDancer.m */ = {isa = PBXFileReference; fileEncoding = 4; lastKnownFileType = sourcecode.c.objc; path = DMDancer.m; sourceTree = "<group>"; };
		4CF513361E00297E000CCD27 /* DMDeveloper.h */ = {isa = PBXFileReference; fileEncoding = 4; lastKnownFileType = sourcecode.c.h; path = DMDeveloper.h; sourceTree = "<group>"; };
		4CF513371E00297E000CCD27 /* DMDeveloper.m */ = {isa = PBXFileReference; fileEncoding = 4; lastKnownFileType = sourcecode.c.objc; path = DMDeveloper.m; sourceTree = "<group>"; };
/* End PBXFileReference section */

/* Begin PBXFrameworksBuildPhase section */
		4CF513131E0025F0000CCD27 /* Frameworks */ = {
			isa = PBXFrameworksBuildPhase;
			buildActionMask = 2147483647;
			files = (
			);
			runOnlyForDeploymentPostprocessing = 0;
		};
/* End PBXFrameworksBuildPhase section */

/* Begin PBXGroup section */
		4CF5130D1E0025F0000CCD27 = {
			isa = PBXGroup;
			children = (
				4CF513181E0025F1000CCD27 /* Protocols */,
				4CF513171E0025F0000CCD27 /* Products */,
			);
			sourceTree = "<group>";
		};
		4CF513171E0025F0000CCD27 /* Products */ = {
			isa = PBXGroup;
			children = (
				4CF513161E0025F0000CCD27 /* Protocols.app */,
			);
			name = Products;
			sourceTree = "<group>";
		};
		4CF513181E0025F1000CCD27 /* Protocols */ = {
			isa = PBXGroup;
			children = (
				4CF5131C1E0025F1000CCD27 /* AppDelegate.h */,
				4CF5131D1E0025F1000CCD27 /* AppDelegate.m */,
				4CF5131F1E0025F1000CCD27 /* ViewController.h */,
				4CF513201E0025F1000CCD27 /* ViewController.m */,
				4CF513221E0025F1000CCD27 /* Main.storyboard */,
				4CF513251E0025F1000CCD27 /* Assets.xcassets */,
				4CF513271E0025F1000CCD27 /* LaunchScreen.storyboard */,
				4CF5132A1E0025F1000CCD27 /* Info.plist */,
				4CF513191E0025F1000CCD27 /* Supporting Files */,
				4CF513301E002875000CCD27 /* DMStudent.h */,
				4CF513311E002875000CCD27 /* DMStudent.m */,
				4CF513331E002906000CCD27 /* DMDancer.h */,
				4CF513341E002906000CCD27 /* DMDancer.m */,
				4CF513361E00297E000CCD27 /* DMDeveloper.h */,
				4CF513371E00297E000CCD27 /* DMDeveloper.m */,
			);
			path = Protocols;
			sourceTree = "<group>";
		};
		4CF513191E0025F1000CCD27 /* Supporting Files */ = {
			isa = PBXGroup;
			children = (
				4CF5131A1E0025F1000CCD27 /* main.m */,
			);
			name = "Supporting Files";
			sourceTree = "<group>";
		};
/* End PBXGroup section */

/* Begin PBXNativeTarget section */
		4CF513151E0025F0000CCD27 /* Protocols */ = {
			isa = PBXNativeTarget;
			buildConfigurationList = 4CF5132D1E0025F1000CCD27 /* Build configuration list for PBXNativeTarget "Protocols" */;
			buildPhases = (
				4CF513121E0025F0000CCD27 /* Sources */,
				4CF513131E0025F0000CCD27 /* Frameworks */,
				4CF513141E0025F0000CCD27 /* Resources */,
			);
			buildRules = (
			);
			dependencies = (
			);
			name = Protocols;
			productName = Protocols;
			productReference = 4CF513161E0025F0000CCD27 /* Protocols.app */;
			productType = "com.apple.product-type.application";
		};
/* End PBXNativeTarget section */

/* Begin PBXProject section */
		4CF5130E1E0025F0000CCD27 /* Project object */ = {
			isa = PBXProject;
			attributes = {
				LastUpgradeCheck = 0730;
				ORGANIZATIONNAME = Rosberry;
				TargetAttributes = {
					4CF513151E0025F0000CCD27 = {
						CreatedOnToolsVersion = 7.3.1;
					};
				};
			};
			buildConfigurationList = 4CF513111E0025F0000CCD27 /* Build configuration list for PBXProject "Protocols" */;
			compatibilityVersion = "Xcode 3.2";
			developmentRegion = English;
			hasScannedForEncodings = 0;
			knownRegions = (
				en,
				Base,
			);
			mainGroup = 4CF5130D1E0025F0000CCD27;
			productRefGroup = 4CF513171E0025F0000CCD27 /* Products */;
			projectDirPath = "";
			projectRoot = "";
			targets = (
				4CF513151E0025F0000CCD27 /* Protocols */,
			);
		};
/* End PBXProject section */

/* Begin PBXResourcesBuildPhase section */
		4CF513141E0025F0000CCD27 /* Resources */ = {
			isa = PBXResourcesBuildPhase;
			buildActionMask = 2147483647;
			files = (
				4CF513291E0025F1000CCD27 /* LaunchScreen.storyboard in Resources */,
				4CF513261E0025F1000CCD27 /* Assets.xcassets in Resources */,
				4CF513241E0025F1000CCD27 /* Main.storyboard in Resources */,
			);
			runOnlyForDeploymentPostprocessing = 0;
		};
/* End PBXResourcesBuildPhase section */

/* Begin PBXSourcesBuildPhase section */
		4CF513121E0025F0000CCD27 /* Sources */ = {
			isa = PBXSourcesBuildPhase;
			buildActionMask = 2147483647;
			files = (
				4CF513211E0025F1000CCD27 /* ViewController.m in Sources */,
				4CF5131E1E0025F1000CCD27 /* AppDelegate.m in Sources */,
				4CF513351E002906000CCD27 /* DMDancer.m in Sources */,
				4CF513321E002875000CCD27 /* DMStudent.m in Sources */,
				4CF5131B1E0025F1000CCD27 /* main.m in Sources */,
				4CF513381E00297E000CCD27 /* DMDeveloper.m in Sources */,
			);
			runOnlyForDeploymentPostprocessing = 0;
		};
/* End PBXSourcesBuildPhase section */

/* Begin PBXVariantGroup section */
		4CF513221E0025F1000CCD27 /* Main.storyboard */ = {
			isa = PBXVariantGroup;
			children = (
				4CF513231E0025F1000CCD27 /* Base */,
			);
			name = Main.storyboard;
			sourceTree = "<group>";
		};
		4CF513271E0025F1000CCD27 /* LaunchScreen.storyboard */ = {
			isa = PBXVariantGroup;
			children = (
				4CF513281E0025F1000CCD27 /* Base */,
			);
			name = LaunchScreen.storyboard;
			sourceTree = "<group>";
		};
/* End PBXVariantGroup section */

/* Begin XCBuildConfiguration section */
		4CF5132B1E0025F1000CCD27 /* Debug */ = {
			isa = XCBuildConfiguration;
			buildSettings = {
				ALWAYS_SEARCH_USER_PATHS = NO;
				CLANG_ANALYZER_NONNULL = YES;
				CLANG_CXX_LANGUAGE_STANDARD = "gnu++0x";
				CLANG_CXX_LIBRARY = "libc++";
				CLANG_ENABLE_MODULES = YES;
				CLANG_ENABLE_OBJC_ARC = YES;
				CLANG_WARN_BOOL_CONVERSION = YES;
				CLANG_WARN_CONSTANT_CONVERSION = YES;
				CLANG_WARN_DIRECT_OBJC_ISA_USAGE = YES_ERROR;
				CLANG_WARN_EMPTY_BODY = YES;
				CLANG_WARN_ENUM_CONVERSION = YES;
				CLANG_WARN_INT_CONVERSION = YES;
				CLANG_WARN_OBJC_ROOT_CLASS = YES_ERROR;
				CLANG_WARN_UNREACHABLE_CODE = YES;
				CLANG_WARN__DUPLICATE_METHOD_MATCH = YES;
				"CODE_SIGN_IDENTITY[sdk=iphoneos*]" = "iPhone Developer";
				COPY_PHASE_STRIP = NO;
				DEBUG_INFORMATION_FORMAT = dwarf;
				ENABLE_STRICT_OBJC_MSGSEND = YES;
				ENABLE_TESTABILITY = YES;
				GCC_C_LANGUAGE_STANDARD = gnu99;
				GCC_DYNAMIC_NO_PIC = NO;
				GCC_NO_COMMON_BLOCKS = YES;
				GCC_OPTIMIZATION_LEVEL = 0;
				GCC_PREPROCESSOR_DEFINITIONS = (
					"DEBUG=1",
					"$(inherited)",
				);
				GCC_WARN_64_TO_32_BIT_CONVERSION = YES;
				GCC_WARN_ABOUT_RETURN_TYPE = YES_ERROR;
				GCC_WARN_UNDECLARED_SELECTOR = YES;
				GCC_WARN_UNINITIALIZED_AUTOS = YES_AGGRESSIVE;
				GCC_WARN_UNUSED_FUNCTION = YES;
				GCC_WARN_UNUSED_VARIABLE = YES;
				IPHONEOS_DEPLOYMENT_TARGET = 9.3;
				MTL_ENABLE_DEBUG_INFO = YES;
				ONLY_ACTIVE_ARCH = YES;
				SDKROOT = iphoneos;
				TARGETED_DEVICE_FAMILY = "1,2";
			};
			name = Debug;
		};
		4CF5132C1E0025F1000CCD27 /* Release */ = {
			isa = XCBuildConfiguration;
			buildSettings = {
				ALWAYS_SEARCH_USER_PATHS = NO;
				CLANG_ANALYZER_NONNULL = YES;
				CLANG_CXX_LANGUAGE_STANDARD = "gnu++0x";
				CLANG_CXX_LIBRARY = "libc++";
				CLANG_ENABLE_MODULES = YES;
				CLANG_ENABLE_OBJC_ARC = YES;
				CLANG_WARN_BOOL_CONVERSION = YES;
				CLANG_WARN_CONSTANT_CONVERSION = YES;
				CLANG_WARN_DIRECT_OBJC_ISA_USAGE = YES_ERROR;
				CLANG_WARN_EMPTY_BODY = YES;
				CLANG_WARN_ENUM_CONVERSION = YES;
				CLANG_WARN_INT_CONVERSION = YES;
				CLANG_WARN_OBJC_ROOT_CLASS = YES_ERROR;
				CLANG_WARN_UNREACHABLE_CODE = YES;
				CLANG_WARN__DUPLICATE_METHOD_MATCH = YES;
				"CODE_SIGN_IDENTITY[sdk=iphoneos*]" = "iPhone Developer";
				COPY_PHASE_STRIP = NO;
				DEBUG_INFORMATION_FORMAT = "dwarf-with-dsym";
				ENABLE_NS_ASSERTIONS = NO;
				ENABLE_STRICT_OBJC_MSGSEND = YES;
				GCC_C_LANGUAGE_STANDARD = gnu99;
				GCC_NO_COMMON_BLOCKS = YES;
				GCC_WARN_64_TO_32_BIT_CONVERSION = YES;
				GCC_WARN_ABOUT_RETURN_TYPE = YES_ERROR;
				GCC_WARN_UNDECLARED_SELECTOR = YES;
				GCC_WARN_UNINITIALIZED_AUTOS = YES_AGGRESSIVE;
				GCC_WARN_UNUSED_FUNCTION = YES;
				GCC_WARN_UNUSED_VARIABLE = YES;
				IPHONEOS_DEPLOYMENT_TARGET = 9.3;
				MTL_ENABLE_DEBUG_INFO = NO;
				SDKROOT = iphoneos;
				TARGETED_DEVICE_FAMILY = "1,2";
				VALIDATE_PRODUCT = YES;
			};
			name = Release;
		};
		4CF5132E1E0025F1000CCD27 /* Debug */ = {
			isa = XCBuildConfiguration;
			buildSettings = {
				ASSETCATALOG_COMPILER_APPICON_NAME = AppIcon;
				INFOPLIST_FILE = Protocols/Info.plist;
				LD_RUNPATH_SEARCH_PATHS = "$(inherited) @executable_path/Frameworks";
				PRODUCT_BUNDLE_IDENTIFIER = com.Protocols;
				PRODUCT_NAME = "$(TARGET_NAME)";
			};
			name = Debug;
		};
		4CF5132F1E0025F1000CCD27 /* Release */ = {
			isa = XCBuildConfiguration;
			buildSettings = {
				ASSETCATALOG_COMPILER_APPICON_NAME = AppIcon;
				INFOPLIST_FILE = Protocols/Info.plist;
				LD_RUNPATH_SEARCH_PATHS = "$(inherited) @executable_path/Frameworks";
				PRODUCT_BUNDLE_IDENTIFIER = com.Protocols;
				PRODUCT_NAME = "$(TARGET_NAME)";
			};
			name = Release;
		};
/* End XCBuildConfiguration section */

/* Begin XCConfigurationList section */
		4CF513111E0025F0000CCD27 /* Build configuration list for PBXProject "Protocols" */ = {
			isa = XCConfigurationList;
			buildConfigurations = (
				4CF5132B1E0025F1000CCD27 /* Debug */,
				4CF5132C1E0025F1000CCD27 /* Release */,
			);
			defaultConfigurationIsVisible = 0;
			defaultConfigurationName = Release;
		};
		4CF5132D1E0025F1000CCD27 /* Build configuration list for PBXNativeTarget "Protocols" */ = {
			isa = XCConfigurationList;
			buildConfigurations = (
				4CF5132E1E0025F1000CCD27 /* Debug */,
				4CF5132F1E0025F1000CCD27 /* Release */,
			);
			defaultConfigurationIsVisible = 0;
		};
/* End XCConfigurationList section */
	};
	rootObject = 4CF5130E1E0025F0000CCD27 /* Project object */;
}
